
Microsoft Visual Studio Solution File, Format Version 12.00
# Visual Studio Version 17
VisualStudioVersion = 17.5.33530.505
MinimumVisualStudioVersion = 10.0.40219.1
Project("{FAE04EC0-301F-11D3-BF4B-00C04F79EFBC}") = "InterfaceExercise", "InterfaceExercise\InterfaceExercise.csproj", "{FE361E30-85BB-46F2-9FAE-880263A9174B}"
EndProject
Global
	GlobalSection(SolutionConfigurationPlatforms) = preSolution
		Debug|Any CPU = Debug|Any CPU
		Release|Any CPU = Release|Any CPU
	EndGlobalSection
	GlobalSection(ProjectConfigurationPlatforms) = postSolution
		{FE361E30-85BB-46F2-9FAE-880263A9174B}.Debug|Any CPU.ActiveCfg = Debug|Any CPU
		{FE361E30-85BB-46F2-9FAE-880263A9174B}.Debug|Any CPU.Build.0 = Debug|Any CPU
		{FE361E30-85BB-46F2-9FAE-880263A9174B}.Release|Any CPU.ActiveCfg = Release|Any CPU
		{FE361E30-85BB-46F2-9FAE-880263A9174B}.Release|Any CPU.Build.0 = Release|Any CPU
	EndGlobalSection
	GlobalSection(SolutionProperties) = preSolution
		HideSolutionNode = FALSE
	EndGlobalSection
	GlobalSection(ExtensibilityGlobals) = postSolution
		SolutionGuid = {2125BBDF-5DBA-49A1-8147-246AA54E0DBF}
	EndGlobalSection
EndGlobal
