
Microsoft Visual Studio Solution File, Format Version 12.00
# Visual Studio Version 17
VisualStudioVersion = 17.5.33530.505
MinimumVisualStudioVersion = 10.0.40219.1
Project("{FAE04EC0-301F-11D3-BF4B-00C04F79EFBC}") = "GeneticsPractice", "GeneticsPractice\GeneticsPractice.csproj", "{B1FEA654-0103-4A31-81F4-E2894DA0D874}"
EndProject
Global
	GlobalSection(SolutionConfigurationPlatforms) = preSolution
		Debug|Any CPU = Debug|Any CPU
		Release|Any CPU = Release|Any CPU
	EndGlobalSection
	GlobalSection(ProjectConfigurationPlatforms) = postSolution
		{B1FEA654-0103-4A31-81F4-E2894DA0D874}.Debug|Any CPU.ActiveCfg = Debug|Any CPU
		{B1FEA654-0103-4A31-81F4-E2894DA0D874}.Debug|Any CPU.Build.0 = Debug|Any CPU
		{B1FEA654-0103-4A31-81F4-E2894DA0D874}.Release|Any CPU.ActiveCfg = Release|Any CPU
		{B1FEA654-0103-4A31-81F4-E2894DA0D874}.Release|Any CPU.Build.0 = Release|Any CPU
	EndGlobalSection
	GlobalSection(SolutionProperties) = preSolution
		HideSolutionNode = FALSE
	EndGlobalSection
	GlobalSection(ExtensibilityGlobals) = postSolution
		SolutionGuid = {BB295B1F-3600-4654-8335-2038EFD6BF11}
	EndGlobalSection
EndGlobal
