
Microsoft Visual Studio Solution File, Format Version 12.00
# Visual Studio Version 17
VisualStudioVersion = 17.5.33530.505
MinimumVisualStudioVersion = 10.0.40219.1
Project("{FAE04EC0-301F-11D3-BF4B-00C04F79EFBC}") = "DuplicateValCountArray", "DuplicateValCountArray\DuplicateValCountArray.csproj", "{5516FDD9-155E-47A5-8981-05E45BE87570}"
EndProject
Global
	GlobalSection(SolutionConfigurationPlatforms) = preSolution
		Debug|Any CPU = Debug|Any CPU
		Release|Any CPU = Release|Any CPU
	EndGlobalSection
	GlobalSection(ProjectConfigurationPlatforms) = postSolution
		{5516FDD9-155E-47A5-8981-05E45BE87570}.Debug|Any CPU.ActiveCfg = Debug|Any CPU
		{5516FDD9-155E-47A5-8981-05E45BE87570}.Debug|Any CPU.Build.0 = Debug|Any CPU
		{5516FDD9-155E-47A5-8981-05E45BE87570}.Release|Any CPU.ActiveCfg = Release|Any CPU
		{5516FDD9-155E-47A5-8981-05E45BE87570}.Release|Any CPU.Build.0 = Release|Any CPU
	EndGlobalSection
	GlobalSection(SolutionProperties) = preSolution
		HideSolutionNode = FALSE
	EndGlobalSection
	GlobalSection(ExtensibilityGlobals) = postSolution
		SolutionGuid = {F6146EF6-418E-4038-94BE-0BE5EEBB92A9}
	EndGlobalSection
EndGlobal
