
Microsoft Visual Studio Solution File, Format Version 12.00
# Visual Studio Version 17
VisualStudioVersion = 17.5.33530.505
MinimumVisualStudioVersion = 10.0.40219.1
Project("{FAE04EC0-301F-11D3-BF4B-00C04F79EFBC}") = "Variables_Types", "Variables_Types.csproj", "{AAC9116E-831F-47AC-9F80-823436783A5E}"
EndProject
Global
	GlobalSection(SolutionConfigurationPlatforms) = preSolution
		Debug|Any CPU = Debug|Any CPU
		Release|Any CPU = Release|Any CPU
	EndGlobalSection
	GlobalSection(ProjectConfigurationPlatforms) = postSolution
		{AAC9116E-831F-47AC-9F80-823436783A5E}.Debug|Any CPU.ActiveCfg = Debug|Any CPU
		{AAC9116E-831F-47AC-9F80-823436783A5E}.Debug|Any CPU.Build.0 = Debug|Any CPU
		{AAC9116E-831F-47AC-9F80-823436783A5E}.Release|Any CPU.ActiveCfg = Release|Any CPU
		{AAC9116E-831F-47AC-9F80-823436783A5E}.Release|Any CPU.Build.0 = Release|Any CPU
	EndGlobalSection
	GlobalSection(SolutionProperties) = preSolution
		HideSolutionNode = FALSE
	EndGlobalSection
	GlobalSection(ExtensibilityGlobals) = postSolution
		SolutionGuid = {1B54F03D-244B-492C-AF9C-DE6EB7E45A8F}
	EndGlobalSection
EndGlobal
