
Microsoft Visual Studio Solution File, Format Version 12.00
# Visual Studio Version 17
VisualStudioVersion = 17.5.33530.505
MinimumVisualStudioVersion = 10.0.40219.1
Project("{FAE04EC0-301F-11D3-BF4B-00C04F79EFBC}") = "enumPractice", "ConsoleApp2\enumPractice.csproj", "{A5ED52E7-1E6A-4577-A91C-024C44F86A6B}"
EndProject
Global
	GlobalSection(SolutionConfigurationPlatforms) = preSolution
		Debug|Any CPU = Debug|Any CPU
		Release|Any CPU = Release|Any CPU
	EndGlobalSection
	GlobalSection(ProjectConfigurationPlatforms) = postSolution
		{A5ED52E7-1E6A-4577-A91C-024C44F86A6B}.Debug|Any CPU.ActiveCfg = Debug|Any CPU
		{A5ED52E7-1E6A-4577-A91C-024C44F86A6B}.Debug|Any CPU.Build.0 = Debug|Any CPU
		{A5ED52E7-1E6A-4577-A91C-024C44F86A6B}.Release|Any CPU.ActiveCfg = Release|Any CPU
		{A5ED52E7-1E6A-4577-A91C-024C44F86A6B}.Release|Any CPU.Build.0 = Release|Any CPU
	EndGlobalSection
	GlobalSection(SolutionProperties) = preSolution
		HideSolutionNode = FALSE
	EndGlobalSection
	GlobalSection(ExtensibilityGlobals) = postSolution
		SolutionGuid = {242E7932-B97F-4CBD-9BC2-F40F5FA0C807}
	EndGlobalSection
EndGlobal
